Microsoft Visual Studio Solution File, Format Version 11.00
# Visual Studio 2019

Project("{8BC9CEB8-8B4A-11D0-8D11-00A0C91BC942}") = "Spleeter4Stems - VST3", "Spleeter4Stems_VST3.vcxproj", "{1B0196F9-8CAB-C87A-D683-8008D9E36CFC}"
	ProjectSection(ProjectDependencies) = postProject
		{FCB6F210-DF15-6F17-6FCB-75355CA2055B} = {FCB6F210-DF15-6F17-6FCB-75355CA2055B}
	EndProjectSection
EndProject
Project("{8BC9CEB8-8B4A-11D0-8D11-00A0C91BC942}") = "Spleeter4Stems - Shared Code", "Spleeter4Stems_SharedCode.vcxproj", "{FCB6F210-DF15-6F17-6FCB-75355CA2055B}"
EndProject
Global
	GlobalSection(SolutionConfigurationPlatforms) = preSolution
		Debug|x64 = Debug|x64
		Release|x64 = Release|x64
	EndGlobalSection
	GlobalSection(ProjectConfigurationPlatforms) = postSolution
		{1B0196F9-8CAB-C87A-D683-8008D9E36CFC}.Debug|x64.ActiveCfg = Debug|x64
		{1B0196F9-8CAB-C87A-D683-8008D9E36CFC}.Debug|x64.Build.0 = Debug|x64
		{1B0196F9-8CAB-C87A-D683-8008D9E36CFC}.Release|x64.ActiveCfg = Release|x64
		{1B0196F9-8CAB-C87A-D683-8008D9E36CFC}.Release|x64.Build.0 = Release|x64
		{FCB6F210-DF15-6F17-6FCB-75355CA2055B}.Debug|x64.ActiveCfg = Debug|x64
		{FCB6F210-DF15-6F17-6FCB-75355CA2055B}.Debug|x64.Build.0 = Debug|x64
		{FCB6F210-DF15-6F17-6FCB-75355CA2055B}.Release|x64.ActiveCfg = Release|x64
		{FCB6F210-DF15-6F17-6FCB-75355CA2055B}.Release|x64.Build.0 = Release|x64
	EndGlobalSection
	GlobalSection(SolutionProperties) = preSolution
		HideSolutionNode = FALSE
	EndGlobalSection
EndGlobal
